
Microsoft Visual Studio Solution File, Format Version 12.00
# Visual Studio Version 17
VisualStudioVersion = 17.11.35327.3
MinimumVisualStudioVersion = 10.0.40219.1
Project("{FAE04EC0-301F-11D3-BF4B-00C04F79EFBC}") = "Поиск элемента", "Поиск элемента\Поиск элемента.csproj", "{09D632B2-51A8-4072-A3F3-D8A0534F4A9E}"
EndProject
Global
	GlobalSection(SolutionConfigurationPlatforms) = preSolution
		Debug|Any CPU = Debug|Any CPU
		Release|Any CPU = Release|Any CPU
	EndGlobalSection
	GlobalSection(ProjectConfigurationPlatforms) = postSolution
		{09D632B2-51A8-4072-A3F3-D8A0534F4A9E}.Debug|Any CPU.ActiveCfg = Debug|Any CPU
		{09D632B2-51A8-4072-A3F3-D8A0534F4A9E}.Debug|Any CPU.Build.0 = Debug|Any CPU
		{09D632B2-51A8-4072-A3F3-D8A0534F4A9E}.Release|Any CPU.ActiveCfg = Release|Any CPU
		{09D632B2-51A8-4072-A3F3-D8A0534F4A9E}.Release|Any CPU.Build.0 = Release|Any CPU
	EndGlobalSection
	GlobalSection(SolutionProperties) = preSolution
		HideSolutionNode = FALSE
	EndGlobalSection
	GlobalSection(ExtensibilityGlobals) = postSolution
		SolutionGuid = {56CEDA26-78AF-4C8D-9D7B-8E4B60601141}
	EndGlobalSection
EndGlobal
