
Microsoft Visual Studio Solution File, Format Version 12.00
# Visual Studio Version 17
VisualStudioVersion = 17.12.35323.107
MinimumVisualStudioVersion = 10.0.40219.1
Project("{FAE04EC0-301F-11D3-BF4B-00C04F79EFBC}") = "Lab2Sam1", "Lab2Sam1\Lab2Sam1.csproj", "{88886F63-D670-4ACA-87DB-3F148A6F438E}"
EndProject
Global
	GlobalSection(SolutionConfigurationPlatforms) = preSolution
		Debug|Any CPU = Debug|Any CPU
		Release|Any CPU = Release|Any CPU
	EndGlobalSection
	GlobalSection(ProjectConfigurationPlatforms) = postSolution
		{88886F63-D670-4ACA-87DB-3F148A6F438E}.Debug|Any CPU.ActiveCfg = Debug|Any CPU
		{88886F63-D670-4ACA-87DB-3F148A6F438E}.Debug|Any CPU.Build.0 = Debug|Any CPU
		{88886F63-D670-4ACA-87DB-3F148A6F438E}.Release|Any CPU.ActiveCfg = Release|Any CPU
		{88886F63-D670-4ACA-87DB-3F148A6F438E}.Release|Any CPU.Build.0 = Release|Any CPU
	EndGlobalSection
	GlobalSection(SolutionProperties) = preSolution
		HideSolutionNode = FALSE
	EndGlobalSection
	GlobalSection(ExtensibilityGlobals) = postSolution
		SolutionGuid = {70039713-5547-4D78-A742-C941D0E2B5FF}
	EndGlobalSection
EndGlobal
