
Microsoft Visual Studio Solution File, Format Version 12.00
# Visual Studio Version 17
VisualStudioVersion = 17.12.35323.107
MinimumVisualStudioVersion = 10.0.40219.1
Project("{FAE04EC0-301F-11D3-BF4B-00C04F79EFBC}") = "Lab2-6", "Lab2-6\Lab2-6.csproj", "{7E6BD817-A412-4B83-BFC1-4EC58DBF90AD}"
EndProject
Global
	GlobalSection(SolutionConfigurationPlatforms) = preSolution
		Debug|Any CPU = Debug|Any CPU
		Release|Any CPU = Release|Any CPU
	EndGlobalSection
	GlobalSection(ProjectConfigurationPlatforms) = postSolution
		{7E6BD817-A412-4B83-BFC1-4EC58DBF90AD}.Debug|Any CPU.ActiveCfg = Debug|Any CPU
		{7E6BD817-A412-4B83-BFC1-4EC58DBF90AD}.Debug|Any CPU.Build.0 = Debug|Any CPU
		{7E6BD817-A412-4B83-BFC1-4EC58DBF90AD}.Release|Any CPU.ActiveCfg = Release|Any CPU
		{7E6BD817-A412-4B83-BFC1-4EC58DBF90AD}.Release|Any CPU.Build.0 = Release|Any CPU
	EndGlobalSection
	GlobalSection(SolutionProperties) = preSolution
		HideSolutionNode = FALSE
	EndGlobalSection
	GlobalSection(ExtensibilityGlobals) = postSolution
		SolutionGuid = {EF64B711-05C2-4CF7-AEC6-3D501BEEEC53}
	EndGlobalSection
EndGlobal
