
Microsoft Visual Studio Solution File, Format Version 12.00
# Visual Studio Version 17
VisualStudioVersion = 17.12.35323.107
MinimumVisualStudioVersion = 10.0.40219.1
Project("{FAE04EC0-301F-11D3-BF4B-00C04F79EFBC}") = "Выбор товара", "Выбор товара\Выбор товара.csproj", "{B3CD1929-6389-4180-AA3F-7C26CCF047F7}"
EndProject
Global
	GlobalSection(SolutionConfigurationPlatforms) = preSolution
		Debug|Any CPU = Debug|Any CPU
		Release|Any CPU = Release|Any CPU
	EndGlobalSection
	GlobalSection(ProjectConfigurationPlatforms) = postSolution
		{B3CD1929-6389-4180-AA3F-7C26CCF047F7}.Debug|Any CPU.ActiveCfg = Debug|Any CPU
		{B3CD1929-6389-4180-AA3F-7C26CCF047F7}.Debug|Any CPU.Build.0 = Debug|Any CPU
		{B3CD1929-6389-4180-AA3F-7C26CCF047F7}.Release|Any CPU.ActiveCfg = Release|Any CPU
		{B3CD1929-6389-4180-AA3F-7C26CCF047F7}.Release|Any CPU.Build.0 = Release|Any CPU
	EndGlobalSection
	GlobalSection(SolutionProperties) = preSolution
		HideSolutionNode = FALSE
	EndGlobalSection
	GlobalSection(ExtensibilityGlobals) = postSolution
		SolutionGuid = {C3405A3A-2020-4E01-B4A8-D3B1D95FE3C1}
	EndGlobalSection
EndGlobal
